<?xml version="1.0" encoding="utf-8"?>
<Project ToolsVersion="4.0" xmlns="http://schemas.microsoft.com/developer/msbuild/2003">
  <ItemGroup>
    <Filter Include="源文件">
      <UniqueIdentifier>{4FC737F1-C7A5-4376-A066-2A32D752A2FF}</UniqueIdentifier>
      <Extensions>cpp;c;cc;cxx;def;odl;idl;hpj;bat;asm;asmx</Extensions>
    </Filter>
    <Filter Include="头文件">
      <UniqueIdentifier>{93995380-89BD-4b04-88EB-625FBE52EBFB}</UniqueIdentifier>
      <Extensions>h;hh;hpp;hxx;hm;inl;inc;ipp;xsd</Extensions>
    </Filter>
    <Filter Include="资源文件">
      <UniqueIdentifier>{67DA6AB6-F800-4c08-8B7A-83BB121AAD01}</UniqueIdentifier>
      <Extensions>rc;ico;cur;bmp;dlg;rc2;rct;bin;rgs;gif;jpg;jpeg;jpe;resx;tiff;tif;png;wav;mfcribbon-ms</Extensions>
    </Filter>
    <Filter Include="头文件\message">
      <UniqueIdentifier>{3244f97e-78f7-4df6-8a1c-12e604857689}</UniqueIdentifier>
    </Filter>
    <Filter Include="头文件\factory">
      <UniqueIdentifier>{c3aa4108-f6e5-48de-a5da-3de3b7efc5e6}</UniqueIdentifier>
    </Filter>
    <Filter Include="源文件\message">
      <UniqueIdentifier>{49be2b68-d1be-4c85-9174-c12cd3c5314e}</UniqueIdentifier>
    </Filter>
    <Filter Include="源文件\factory">
      <UniqueIdentifier>{24a48fb0-77d0-4c64-8358-3ca980c19a10}</UniqueIdentifier>
    </Filter>
  </ItemGroup>
  <ItemGroup>
    <ClCompile Include="..\..\..\Go\projects\hzg\data_secrity\People.pb.cc">
      <Filter>源文件</Filter>
    </ClCompile>
    <ClCompile Include="MessageTest.cpp">
      <Filter>源文件</Filter>
    </ClCompile>
    <ClCompile Include="Codec.cpp">
      <Filter>源文件\message</Filter>
    </ClCompile>
    <ClCompile Include="RequestCodec.cpp">
      <Filter>源文件\message</Filter>
    </ClCompile>
    <ClCompile Include="..\..\..\Go\projects\hzg\data_secrity\RequestMsg.pb.cc">
      <Filter>源文件\message</Filter>
    </ClCompile>
    <ClCompile Include="RespondCodec.cpp">
      <Filter>源文件\message</Filter>
    </ClCompile>
    <ClCompile Include="..\..\..\Go\projects\hzg\data_secrity\RespondMsg.pb.cc">
      <Filter>源文件\message</Filter>
    </ClCompile>
    <ClCompile Include="BaseFactory.h">
      <Filter>头文件\factory</Filter>
    </ClCompile>
    <ClCompile Include="BaseFactory.cpp">
      <Filter>源文件\factory</Filter>
    </ClCompile>
    <ClCompile Include="RespondFactory.cpp">
      <Filter>源文件\factory</Filter>
    </ClCompile>
    <ClCompile Include="RequestFactory.cpp">
      <Filter>源文件\factory</Filter>
    </ClCompile>
    <ClCompile Include="TestFactory.cpp">
      <Filter>源文件\factory</Filter>
    </ClCompile>
  </ItemGroup>
  <ItemGroup>
    <ClInclude Include="..\protobuf\People.pb.h">
      <Filter>头文件</Filter>
    </ClInclude>
    <ClInclude Include="Codec.h">
      <Filter>头文件\message</Filter>
    </ClInclude>
    <ClInclude Include="RespondCodec.h">
      <Filter>头文件\message</Filter>
    </ClInclude>
    <ClInclude Include="RespondMsg.pb.h">
      <Filter>头文件\message</Filter>
    </ClInclude>
    <ClInclude Include="RequestMsg.pb.h">
      <Filter>头文件\message</Filter>
    </ClInclude>
    <ClInclude Include="RequestCodec.h">
      <Filter>头文件\message</Filter>
    </ClInclude>
    <ClInclude Include="RequestFactory.h">
      <Filter>头文件\factory</Filter>
    </ClInclude>
    <ClInclude Include="RespondFactory.h">
      <Filter>头文件\factory</Filter>
    </ClInclude>
    <ClInclude Include="TestFactory.h">
      <Filter>头文件\factory</Filter>
    </ClInclude>
  </ItemGroup>
</Project>